
Microsoft Visual Studio Solution File, Format Version 12.00
# Visual Studio Version 16
VisualStudioVersion = 16.0.29519.87
MinimumVisualStudioVersion = 10.0.40219.1
Project("{8BC9CEB8-8B4A-11D0-8D11-00A0C91BC942}") = "CS162 - final project", "CS162 - final project.vcxproj", "{73EB12D6-1314-4473-BAF8-79E4075C2B53}"
EndProject
Global
	GlobalSection(SolutionConfigurationPlatforms) = preSolution
		Debug|x64 = Debug|x64
		Debug|x86 = Debug|x86
		Release|x64 = Release|x64
		Release|x86 = Release|x86
	EndGlobalSection
	GlobalSection(ProjectConfigurationPlatforms) = postSolution
		{73EB12D6-1314-4473-BAF8-79E4075C2B53}.Debug|x64.ActiveCfg = Debug|x64
		{73EB12D6-1314-4473-BAF8-79E4075C2B53}.Debug|x64.Build.0 = Debug|x64
		{73EB12D6-1314-4473-BAF8-79E4075C2B53}.Debug|x86.ActiveCfg = Debug|Win32
		{73EB12D6-1314-4473-BAF8-79E4075C2B53}.Debug|x86.Build.0 = Debug|Win32
		{73EB12D6-1314-4473-BAF8-79E4075C2B53}.Release|x64.ActiveCfg = Release|x64
		{73EB12D6-1314-4473-BAF8-79E4075C2B53}.Release|x64.Build.0 = Release|x64
		{73EB12D6-1314-4473-BAF8-79E4075C2B53}.Release|x86.ActiveCfg = Release|Win32
		{73EB12D6-1314-4473-BAF8-79E4075C2B53}.Release|x86.Build.0 = Release|Win32
	EndGlobalSection
	GlobalSection(SolutionProperties) = preSolution
		HideSolutionNode = FALSE
	EndGlobalSection
	GlobalSection(ExtensibilityGlobals) = postSolution
		SolutionGuid = {0A7FD543-FC65-4B76-A4C0-3FB214AEE268}
	EndGlobalSection
EndGlobal
